
Microsoft Visual Studio Solution File, Format Version 12.00
# Visual Studio Version 16
VisualStudioVersion = 16.0.33214.272
MinimumVisualStudioVersion = 10.0.40219.1
Project("{9A19103F-16F7-4668-BE54-9A1E7A4F7556}") = "GhostPDL.NET", "src\GhostPDL.NET\GhostPDL.NET.csproj", "{B573CE58-0173-49BC-A15B-F9A3A356983E}"
EndProject
Project("{FAE04EC0-301F-11D3-BF4B-00C04F79EFBC}") = "GhostPDL.NET.Tests", "tests\GhostPDL.NET.Tests\GhostPDL.NET.Tests.csproj", "{55CCCD61-D37E-4043-8014-B9603E33E7FF}"
EndProject
Global
	GlobalSection(SolutionConfigurationPlatforms) = preSolution
		Debug|Any CPU = Debug|Any CPU
		Release|Any CPU = Release|Any CPU
	EndGlobalSection
	GlobalSection(ProjectConfigurationPlatforms) = postSolution
		{B573CE58-0173-49BC-A15B-F9A3A356983E}.Debug|Any CPU.ActiveCfg = Debug|Any CPU
		{B573CE58-0173-49BC-A15B-F9A3A356983E}.Debug|Any CPU.Build.0 = Debug|Any CPU
		{B573CE58-0173-49BC-A15B-F9A3A356983E}.Release|Any CPU.ActiveCfg = Release|Any CPU
		{B573CE58-0173-49BC-A15B-F9A3A356983E}.Release|Any CPU.Build.0 = Release|Any CPU
		{55CCCD61-D37E-4043-8014-B9603E33E7FF}.Debug|Any CPU.ActiveCfg = Debug|Any CPU
		{55CCCD61-D37E-4043-8014-B9603E33E7FF}.Debug|Any CPU.Build.0 = Debug|Any CPU
		{55CCCD61-D37E-4043-8014-B9603E33E7FF}.Release|Any CPU.ActiveCfg = Release|Any CPU
		{55CCCD61-D37E-4043-8014-B9603E33E7FF}.Release|Any CPU.Build.0 = Release|Any CPU
	EndGlobalSection
	GlobalSection(SolutionProperties) = preSolution
		HideSolutionNode = FALSE
	EndGlobalSection
	GlobalSection(ExtensibilityGlobals) = postSolution
		SolutionGuid = {618C830D-7498-4A19-98D7-33059017D743}
	EndGlobalSection
EndGlobal
